<?xml version="1.0" encoding="utf-8"?>
<Project ToolsVersion="4.0" xmlns="http://schemas.microsoft.com/developer/msbuild/2003">
  <ItemGroup>
    <ClCompile Include="Armas.cpp" />
    <ClCompile Include="bonus.cpp" />
    <ClCompile Include="dociles.cpp" />
    <ClCompile Include="enemigos.cpp" />
    <ClCompile Include="entidad.cpp" />
    <ClCompile Include="Envenenamiento.cpp" />
    <ClCompile Include="Filo.cpp" />
    <ClCompile Include="jefe.cpp" />
    <ClCompile Include="main.cpp" />
    <ClCompile Include="normales.cpp" />
    <ClCompile Include="malignas.cpp" />
    <ClCompile Include="npc.cpp" />
    <ClCompile Include="Pociones.cpp" />
    <ClCompile Include="protagonista.cpp" />
    <ClCompile Include="Sanadoras.cpp" />
    <ClCompile Include="skins.cpp" />
    <ClCompile Include="cac.cpp" />
    <ClCompile Include="armaelemental.cpp" />
  </ItemGroup>
  <ItemGroup>
    <ClInclude Include="animaciones.h" />
    <ClInclude Include="Armas.h" />
    <ClInclude Include="bonus.h" />
    <ClInclude Include="colisiones..h" />
    <ClInclude Include="combate.h" />
    <ClInclude Include="dociles.h" />
    <ClInclude Include="Envenenamiento.h" />
    <ClInclude Include="filo.h" />
    <ClInclude Include="inventario.h" />
    <ClInclude Include="Malignas.h" />
    <ClInclude Include="npc.h" />
    <ClInclude Include="Objetos.h" />
    <ClInclude Include="Pociones.h" />
    <ClInclude Include="protagonista.h" />
    <ClInclude Include="Sanadoras.h" />
    <ClInclude Include="skins.h" />
    <ClInclude Include="enemigos.h" />
    <ClInclude Include="entidad.h" />
    <ClInclude Include="estadoEnemigos.h" />
    <ClInclude Include="jefe.h" />
    <ClInclude Include="normales.h" />
    <ClInclude Include="cac.h" />
    <ClInclude Include="armaelemental.h" />
  </ItemGroup>
</Project>